
Microsoft Visual Studio Solution File, Format Version 12.00
# Visual Studio 15
VisualStudioVersion = 15.0.28307.902
MinimumVisualStudioVersion = 10.0.40219.1
Project("{FAE04EC0-301F-11D3-BF4B-00C04F79EFBC}") = "MiAsistenteOnline.Common", "MiAsistenteOnline.Common\MiAsistenteOnline.Common.csproj", "{3280D393-48F7-4431-B460-9CED30FAE339}"
EndProject
Project("{2150E333-8FDC-42A3-9474-1A3956D46DE8}") = "BackEnd", "BackEnd", "{0C5C7622-6668-4DC8-833B-DF4E36EEDAD5}"
EndProject
Project("{2150E333-8FDC-42A3-9474-1A3956D46DE8}") = "FrontEnd", "FrontEnd", "{2B568628-AF6C-4576-BE72-8B313B729BDE}"
EndProject
Project("{FAE04EC0-301F-11D3-BF4B-00C04F79EFBC}") = "MiAsistenteOnline.Web", "MiAsistenteOnline.Web\MiAsistenteOnline.Web.csproj", "{8F938243-69A9-4F16-8D39-B4F42F2A66CB}"
EndProject
Project("{2150E333-8FDC-42A3-9474-1A3956D46DE8}") = "Classic", "Classic", "{DC3C5B06-FD0E-4D4C-B111-5612E9E0C0F3}"
EndProject
Project("{2150E333-8FDC-42A3-9474-1A3956D46DE8}") = "Forms", "Forms", "{4D75D3E3-9C35-49E6-8CB5-32EFC858F113}"
EndProject
Project("{FAE04EC0-301F-11D3-BF4B-00C04F79EFBC}") = "MiAsistenteOnlineUIForms.Android", "MiAsistenteOnlineUIForms\MiAsistenteOnlineUIForms.Android\MiAsistenteOnlineUIForms.Android.csproj", "{FC9D512D-B9D8-42CC-AE30-5052ADBC0C28}"
EndProject
Project("{FAE04EC0-301F-11D3-BF4B-00C04F79EFBC}") = "MiAsistenteOnlineUIForms.iOS", "MiAsistenteOnlineUIForms\MiAsistenteOnlineUIForms.iOS\MiAsistenteOnlineUIForms.iOS.csproj", "{03CE1E98-9AEB-4551-AB2F-06485ACAFB37}"
EndProject
Project("{FAE04EC0-301F-11D3-BF4B-00C04F79EFBC}") = "MiAsistenteOnlineUIForms", "MiAsistenteOnlineUIForms\MiAsistenteOnlineUIForms\MiAsistenteOnlineUIForms.csproj", "{446291CB-7D0B-4A53-89C5-30E34D65A55B}"
EndProject
Project("{FAE04EC0-301F-11D3-BF4B-00C04F79EFBC}") = "MiAsistenteOnline.UIClassic", "MiAsistenteOnline.UIClassic\MiAsistenteOnline.UIClassic.csproj", "{E5158BBD-BEF5-44C0-B8A5-6821D02314F3}"
EndProject
Project("{FAE04EC0-301F-11D3-BF4B-00C04F79EFBC}") = "MiAsistenteOnline.UIClassic.Android", "MiAsistenteOnline.UIClassic.Android\MiAsistenteOnline.UIClassic.Android.csproj", "{68E94C0F-5CB8-45AD-8174-0FE39B375B53}"
EndProject
Global
	GlobalSection(SolutionConfigurationPlatforms) = preSolution
		Ad-Hoc|Any CPU = Ad-Hoc|Any CPU
		Ad-Hoc|iPhone = Ad-Hoc|iPhone
		Ad-Hoc|iPhoneSimulator = Ad-Hoc|iPhoneSimulator
		AppStore|Any CPU = AppStore|Any CPU
		AppStore|iPhone = AppStore|iPhone
		AppStore|iPhoneSimulator = AppStore|iPhoneSimulator
		Debug|Any CPU = Debug|Any CPU
		Debug|iPhone = Debug|iPhone
		Debug|iPhoneSimulator = Debug|iPhoneSimulator
		Release|Any CPU = Release|Any CPU
		Release|iPhone = Release|iPhone
		Release|iPhoneSimulator = Release|iPhoneSimulator
	EndGlobalSection
	GlobalSection(ProjectConfigurationPlatforms) = postSolution
		{3280D393-48F7-4431-B460-9CED30FAE339}.Ad-Hoc|Any CPU.ActiveCfg = Debug|Any CPU
		{3280D393-48F7-4431-B460-9CED30FAE339}.Ad-Hoc|Any CPU.Build.0 = Debug|Any CPU
		{3280D393-48F7-4431-B460-9CED30FAE339}.Ad-Hoc|iPhone.ActiveCfg = Debug|Any CPU
		{3280D393-48F7-4431-B460-9CED30FAE339}.Ad-Hoc|iPhone.Build.0 = Debug|Any CPU
		{3280D393-48F7-4431-B460-9CED30FAE339}.Ad-Hoc|iPhoneSimulator.ActiveCfg = Debug|Any CPU
		{3280D393-48F7-4431-B460-9CED30FAE339}.Ad-Hoc|iPhoneSimulator.Build.0 = Debug|Any CPU
		{3280D393-48F7-4431-B460-9CED30FAE339}.AppStore|Any CPU.ActiveCfg = Debug|Any CPU
		{3280D393-48F7-4431-B460-9CED30FAE339}.AppStore|Any CPU.Build.0 = Debug|Any CPU
		{3280D393-48F7-4431-B460-9CED30FAE339}.AppStore|iPhone.ActiveCfg = Debug|Any CPU
		{3280D393-48F7-4431-B460-9CED30FAE339}.AppStore|iPhone.Build.0 = Debug|Any CPU
		{3280D393-48F7-4431-B460-9CED30FAE339}.AppStore|iPhoneSimulator.ActiveCfg = Debug|Any CPU
		{3280D393-48F7-4431-B460-9CED30FAE339}.AppStore|iPhoneSimulator.Build.0 = Debug|Any CPU
		{3280D393-48F7-4431-B460-9CED30FAE339}.Debug|Any CPU.ActiveCfg = Debug|Any CPU
		{3280D393-48F7-4431-B460-9CED30FAE339}.Debug|Any CPU.Build.0 = Debug|Any CPU
		{3280D393-48F7-4431-B460-9CED30FAE339}.Debug|iPhone.ActiveCfg = Debug|Any CPU
		{3280D393-48F7-4431-B460-9CED30FAE339}.Debug|iPhone.Build.0 = Debug|Any CPU
		{3280D393-48F7-4431-B460-9CED30FAE339}.Debug|iPhoneSimulator.ActiveCfg = Debug|Any CPU
		{3280D393-48F7-4431-B460-9CED30FAE339}.Debug|iPhoneSimulator.Build.0 = Debug|Any CPU
		{3280D393-48F7-4431-B460-9CED30FAE339}.Release|Any CPU.ActiveCfg = Release|Any CPU
		{3280D393-48F7-4431-B460-9CED30FAE339}.Release|Any CPU.Build.0 = Release|Any CPU
		{3280D393-48F7-4431-B460-9CED30FAE339}.Release|iPhone.ActiveCfg = Release|Any CPU
		{3280D393-48F7-4431-B460-9CED30FAE339}.Release|iPhone.Build.0 = Release|Any CPU
		{3280D393-48F7-4431-B460-9CED30FAE339}.Release|iPhoneSimulator.ActiveCfg = Release|Any CPU
		{3280D393-48F7-4431-B460-9CED30FAE339}.Release|iPhoneSimulator.Build.0 = Release|Any CPU
		{8F938243-69A9-4F16-8D39-B4F42F2A66CB}.Ad-Hoc|Any CPU.ActiveCfg = Debug|Any CPU
		{8F938243-69A9-4F16-8D39-B4F42F2A66CB}.Ad-Hoc|Any CPU.Build.0 = Debug|Any CPU
		{8F938243-69A9-4F16-8D39-B4F42F2A66CB}.Ad-Hoc|iPhone.ActiveCfg = Debug|Any CPU
		{8F938243-69A9-4F16-8D39-B4F42F2A66CB}.Ad-Hoc|iPhone.Build.0 = Debug|Any CPU
		{8F938243-69A9-4F16-8D39-B4F42F2A66CB}.Ad-Hoc|iPhoneSimulator.ActiveCfg = Debug|Any CPU
		{8F938243-69A9-4F16-8D39-B4F42F2A66CB}.Ad-Hoc|iPhoneSimulator.Build.0 = Debug|Any CPU
		{8F938243-69A9-4F16-8D39-B4F42F2A66CB}.AppStore|Any CPU.ActiveCfg = Debug|Any CPU
		{8F938243-69A9-4F16-8D39-B4F42F2A66CB}.AppStore|Any CPU.Build.0 = Debug|Any CPU
		{8F938243-69A9-4F16-8D39-B4F42F2A66CB}.AppStore|iPhone.ActiveCfg = Debug|Any CPU
		{8F938243-69A9-4F16-8D39-B4F42F2A66CB}.AppStore|iPhone.Build.0 = Debug|Any CPU
		{8F938243-69A9-4F16-8D39-B4F42F2A66CB}.AppStore|iPhoneSimulator.ActiveCfg = Debug|Any CPU
		{8F938243-69A9-4F16-8D39-B4F42F2A66CB}.AppStore|iPhoneSimulator.Build.0 = Debug|Any CPU
		{8F938243-69A9-4F16-8D39-B4F42F2A66CB}.Debug|Any CPU.ActiveCfg = Debug|Any CPU
		{8F938243-69A9-4F16-8D39-B4F42F2A66CB}.Debug|Any CPU.Build.0 = Debug|Any CPU
		{8F938243-69A9-4F16-8D39-B4F42F2A66CB}.Debug|iPhone.ActiveCfg = Debug|Any CPU
		{8F938243-69A9-4F16-8D39-B4F42F2A66CB}.Debug|iPhone.Build.0 = Debug|Any CPU
		{8F938243-69A9-4F16-8D39-B4F42F2A66CB}.Debug|iPhoneSimulator.ActiveCfg = Debug|Any CPU
		{8F938243-69A9-4F16-8D39-B4F42F2A66CB}.Debug|iPhoneSimulator.Build.0 = Debug|Any CPU
		{8F938243-69A9-4F16-8D39-B4F42F2A66CB}.Release|Any CPU.ActiveCfg = Release|Any CPU
		{8F938243-69A9-4F16-8D39-B4F42F2A66CB}.Release|Any CPU.Build.0 = Release|Any CPU
		{8F938243-69A9-4F16-8D39-B4F42F2A66CB}.Release|iPhone.ActiveCfg = Release|Any CPU
		{8F938243-69A9-4F16-8D39-B4F42F2A66CB}.Release|iPhone.Build.0 = Release|Any CPU
		{8F938243-69A9-4F16-8D39-B4F42F2A66CB}.Release|iPhoneSimulator.ActiveCfg = Release|Any CPU
		{8F938243-69A9-4F16-8D39-B4F42F2A66CB}.Release|iPhoneSimulator.Build.0 = Release|Any CPU
		{FC9D512D-B9D8-42CC-AE30-5052ADBC0C28}.Ad-Hoc|Any CPU.ActiveCfg = Release|Any CPU
		{FC9D512D-B9D8-42CC-AE30-5052ADBC0C28}.Ad-Hoc|Any CPU.Build.0 = Release|Any CPU
		{FC9D512D-B9D8-42CC-AE30-5052ADBC0C28}.Ad-Hoc|Any CPU.Deploy.0 = Release|Any CPU
		{FC9D512D-B9D8-42CC-AE30-5052ADBC0C28}.Ad-Hoc|iPhone.ActiveCfg = Release|Any CPU
		{FC9D512D-B9D8-42CC-AE30-5052ADBC0C28}.Ad-Hoc|iPhone.Build.0 = Release|Any CPU
		{FC9D512D-B9D8-42CC-AE30-5052ADBC0C28}.Ad-Hoc|iPhone.Deploy.0 = Release|Any CPU
		{FC9D512D-B9D8-42CC-AE30-5052ADBC0C28}.Ad-Hoc|iPhoneSimulator.ActiveCfg = Release|Any CPU
		{FC9D512D-B9D8-42CC-AE30-5052ADBC0C28}.Ad-Hoc|iPhoneSimulator.Build.0 = Release|Any CPU
		{FC9D512D-B9D8-42CC-AE30-5052ADBC0C28}.Ad-Hoc|iPhoneSimulator.Deploy.0 = Release|Any CPU
		{FC9D512D-B9D8-42CC-AE30-5052ADBC0C28}.AppStore|Any CPU.ActiveCfg = Release|Any CPU
		{FC9D512D-B9D8-42CC-AE30-5052ADBC0C28}.AppStore|Any CPU.Build.0 = Release|Any CPU
		{FC9D512D-B9D8-42CC-AE30-5052ADBC0C28}.AppStore|Any CPU.Deploy.0 = Release|Any CPU
		{FC9D512D-B9D8-42CC-AE30-5052ADBC0C28}.AppStore|iPhone.ActiveCfg = Release|Any CPU
		{FC9D512D-B9D8-42CC-AE30-5052ADBC0C28}.AppStore|iPhone.Build.0 = Release|Any CPU
		{FC9D512D-B9D8-42CC-AE30-5052ADBC0C28}.AppStore|iPhone.Deploy.0 = Release|Any CPU
		{FC9D512D-B9D8-42CC-AE30-5052ADBC0C28}.AppStore|iPhoneSimulator.ActiveCfg = Release|Any CPU
		{FC9D512D-B9D8-42CC-AE30-5052ADBC0C28}.AppStore|iPhoneSimulator.Build.0 = Release|Any CPU
		{FC9D512D-B9D8-42CC-AE30-5052ADBC0C28}.AppStore|iPhoneSimulator.Deploy.0 = Release|Any CPU
		{FC9D512D-B9D8-42CC-AE30-5052ADBC0C28}.Debug|Any CPU.ActiveCfg = Debug|Any CPU
		{FC9D512D-B9D8-42CC-AE30-5052ADBC0C28}.Debug|Any CPU.Build.0 = Debug|Any CPU
		{FC9D512D-B9D8-42CC-AE30-5052ADBC0C28}.Debug|Any CPU.Deploy.0 = Debug|Any CPU
		{FC9D512D-B9D8-42CC-AE30-5052ADBC0C28}.Debug|iPhone.ActiveCfg = Debug|Any CPU
		{FC9D512D-B9D8-42CC-AE30-5052ADBC0C28}.Debug|iPhone.Build.0 = Debug|Any CPU
		{FC9D512D-B9D8-42CC-AE30-5052ADBC0C28}.Debug|iPhone.Deploy.0 = Debug|Any CPU
		{FC9D512D-B9D8-42CC-AE30-5052ADBC0C28}.Debug|iPhoneSimulator.ActiveCfg = Debug|Any CPU
		{FC9D512D-B9D8-42CC-AE30-5052ADBC0C28}.Debug|iPhoneSimulator.Build.0 = Debug|Any CPU
		{FC9D512D-B9D8-42CC-AE30-5052ADBC0C28}.Debug|iPhoneSimulator.Deploy.0 = Debug|Any CPU
		{FC9D512D-B9D8-42CC-AE30-5052ADBC0C28}.Release|Any CPU.ActiveCfg = Release|Any CPU
		{FC9D512D-B9D8-42CC-AE30-5052ADBC0C28}.Release|Any CPU.Build.0 = Release|Any CPU
		{FC9D512D-B9D8-42CC-AE30-5052ADBC0C28}.Release|Any CPU.Deploy.0 = Release|Any CPU
		{FC9D512D-B9D8-42CC-AE30-5052ADBC0C28}.Release|iPhone.ActiveCfg = Release|Any CPU
		{FC9D512D-B9D8-42CC-AE30-5052ADBC0C28}.Release|iPhone.Build.0 = Release|Any CPU
		{FC9D512D-B9D8-42CC-AE30-5052ADBC0C28}.Release|iPhone.Deploy.0 = Release|Any CPU
		{FC9D512D-B9D8-42CC-AE30-5052ADBC0C28}.Release|iPhoneSimulator.ActiveCfg = Release|Any CPU
		{FC9D512D-B9D8-42CC-AE30-5052ADBC0C28}.Release|iPhoneSimulator.Build.0 = Release|Any CPU
		{FC9D512D-B9D8-42CC-AE30-5052ADBC0C28}.Release|iPhoneSimulator.Deploy.0 = Release|Any CPU
		{03CE1E98-9AEB-4551-AB2F-06485ACAFB37}.Ad-Hoc|Any CPU.ActiveCfg = Ad-Hoc|iPhone
		{03CE1E98-9AEB-4551-AB2F-06485ACAFB37}.Ad-Hoc|iPhone.ActiveCfg = Ad-Hoc|iPhone
		{03CE1E98-9AEB-4551-AB2F-06485ACAFB37}.Ad-Hoc|iPhone.Build.0 = Ad-Hoc|iPhone
		{03CE1E98-9AEB-4551-AB2F-06485ACAFB37}.Ad-Hoc|iPhoneSimulator.ActiveCfg = Ad-Hoc|iPhoneSimulator
		{03CE1E98-9AEB-4551-AB2F-06485ACAFB37}.Ad-Hoc|iPhoneSimulator.Build.0 = Ad-Hoc|iPhoneSimulator
		{03CE1E98-9AEB-4551-AB2F-06485ACAFB37}.AppStore|Any CPU.ActiveCfg = AppStore|iPhone
		{03CE1E98-9AEB-4551-AB2F-06485ACAFB37}.AppStore|iPhone.ActiveCfg = AppStore|iPhone
		{03CE1E98-9AEB-4551-AB2F-06485ACAFB37}.AppStore|iPhone.Build.0 = AppStore|iPhone
		{03CE1E98-9AEB-4551-AB2F-06485ACAFB37}.AppStore|iPhoneSimulator.ActiveCfg = AppStore|iPhoneSimulator
		{03CE1E98-9AEB-4551-AB2F-06485ACAFB37}.AppStore|iPhoneSimulator.Build.0 = AppStore|iPhoneSimulator
		{03CE1E98-9AEB-4551-AB2F-06485ACAFB37}.Debug|Any CPU.ActiveCfg = Debug|iPhone
		{03CE1E98-9AEB-4551-AB2F-06485ACAFB37}.Debug|iPhone.ActiveCfg = Debug|iPhone
		{03CE1E98-9AEB-4551-AB2F-06485ACAFB37}.Debug|iPhone.Build.0 = Debug|iPhone
		{03CE1E98-9AEB-4551-AB2F-06485ACAFB37}.Debug|iPhoneSimulator.ActiveCfg = Debug|iPhoneSimulator
		{03CE1E98-9AEB-4551-AB2F-06485ACAFB37}.Debug|iPhoneSimulator.Build.0 = Debug|iPhoneSimulator
		{03CE1E98-9AEB-4551-AB2F-06485ACAFB37}.Release|Any CPU.ActiveCfg = Release|iPhone
		{03CE1E98-9AEB-4551-AB2F-06485ACAFB37}.Release|iPhone.ActiveCfg = Release|iPhone
		{03CE1E98-9AEB-4551-AB2F-06485ACAFB37}.Release|iPhone.Build.0 = Release|iPhone
		{03CE1E98-9AEB-4551-AB2F-06485ACAFB37}.Release|iPhoneSimulator.ActiveCfg = Release|iPhoneSimulator
		{03CE1E98-9AEB-4551-AB2F-06485ACAFB37}.Release|iPhoneSimulator.Build.0 = Release|iPhoneSimulator
		{446291CB-7D0B-4A53-89C5-30E34D65A55B}.Ad-Hoc|Any CPU.ActiveCfg = Debug|Any CPU
		{446291CB-7D0B-4A53-89C5-30E34D65A55B}.Ad-Hoc|Any CPU.Build.0 = Debug|Any CPU
		{446291CB-7D0B-4A53-89C5-30E34D65A55B}.Ad-Hoc|iPhone.ActiveCfg = Debug|Any CPU
		{446291CB-7D0B-4A53-89C5-30E34D65A55B}.Ad-Hoc|iPhone.Build.0 = Debug|Any CPU
		{446291CB-7D0B-4A53-89C5-30E34D65A55B}.Ad-Hoc|iPhoneSimulator.ActiveCfg = Debug|Any CPU
		{446291CB-7D0B-4A53-89C5-30E34D65A55B}.Ad-Hoc|iPhoneSimulator.Build.0 = Debug|Any CPU
		{446291CB-7D0B-4A53-89C5-30E34D65A55B}.AppStore|Any CPU.ActiveCfg = Debug|Any CPU
		{446291CB-7D0B-4A53-89C5-30E34D65A55B}.AppStore|Any CPU.Build.0 = Debug|Any CPU
		{446291CB-7D0B-4A53-89C5-30E34D65A55B}.AppStore|iPhone.ActiveCfg = Debug|Any CPU
		{446291CB-7D0B-4A53-89C5-30E34D65A55B}.AppStore|iPhone.Build.0 = Debug|Any CPU
		{446291CB-7D0B-4A53-89C5-30E34D65A55B}.AppStore|iPhoneSimulator.ActiveCfg = Debug|Any CPU
		{446291CB-7D0B-4A53-89C5-30E34D65A55B}.AppStore|iPhoneSimulator.Build.0 = Debug|Any CPU
		{446291CB-7D0B-4A53-89C5-30E34D65A55B}.Debug|Any CPU.ActiveCfg = Debug|Any CPU
		{446291CB-7D0B-4A53-89C5-30E34D65A55B}.Debug|Any CPU.Build.0 = Debug|Any CPU
		{446291CB-7D0B-4A53-89C5-30E34D65A55B}.Debug|iPhone.ActiveCfg = Debug|Any CPU
		{446291CB-7D0B-4A53-89C5-30E34D65A55B}.Debug|iPhone.Build.0 = Debug|Any CPU
		{446291CB-7D0B-4A53-89C5-30E34D65A55B}.Debug|iPhoneSimulator.ActiveCfg = Debug|Any CPU
		{446291CB-7D0B-4A53-89C5-30E34D65A55B}.Debug|iPhoneSimulator.Build.0 = Debug|Any CPU
		{446291CB-7D0B-4A53-89C5-30E34D65A55B}.Release|Any CPU.ActiveCfg = Release|Any CPU
		{446291CB-7D0B-4A53-89C5-30E34D65A55B}.Release|Any CPU.Build.0 = Release|Any CPU
		{446291CB-7D0B-4A53-89C5-30E34D65A55B}.Release|iPhone.ActiveCfg = Release|Any CPU
		{446291CB-7D0B-4A53-89C5-30E34D65A55B}.Release|iPhone.Build.0 = Release|Any CPU
		{446291CB-7D0B-4A53-89C5-30E34D65A55B}.Release|iPhoneSimulator.ActiveCfg = Release|Any CPU
		{446291CB-7D0B-4A53-89C5-30E34D65A55B}.Release|iPhoneSimulator.Build.0 = Release|Any CPU
		{E5158BBD-BEF5-44C0-B8A5-6821D02314F3}.Ad-Hoc|Any CPU.ActiveCfg = Debug|Any CPU
		{E5158BBD-BEF5-44C0-B8A5-6821D02314F3}.Ad-Hoc|Any CPU.Build.0 = Debug|Any CPU
		{E5158BBD-BEF5-44C0-B8A5-6821D02314F3}.Ad-Hoc|iPhone.ActiveCfg = Debug|Any CPU
		{E5158BBD-BEF5-44C0-B8A5-6821D02314F3}.Ad-Hoc|iPhone.Build.0 = Debug|Any CPU
		{E5158BBD-BEF5-44C0-B8A5-6821D02314F3}.Ad-Hoc|iPhoneSimulator.ActiveCfg = Debug|Any CPU
		{E5158BBD-BEF5-44C0-B8A5-6821D02314F3}.Ad-Hoc|iPhoneSimulator.Build.0 = Debug|Any CPU
		{E5158BBD-BEF5-44C0-B8A5-6821D02314F3}.AppStore|Any CPU.ActiveCfg = Debug|Any CPU
		{E5158BBD-BEF5-44C0-B8A5-6821D02314F3}.AppStore|Any CPU.Build.0 = Debug|Any CPU
		{E5158BBD-BEF5-44C0-B8A5-6821D02314F3}.AppStore|iPhone.ActiveCfg = Debug|Any CPU
		{E5158BBD-BEF5-44C0-B8A5-6821D02314F3}.AppStore|iPhone.Build.0 = Debug|Any CPU
		{E5158BBD-BEF5-44C0-B8A5-6821D02314F3}.AppStore|iPhoneSimulator.ActiveCfg = Debug|Any CPU
		{E5158BBD-BEF5-44C0-B8A5-6821D02314F3}.AppStore|iPhoneSimulator.Build.0 = Debug|Any CPU
		{E5158BBD-BEF5-44C0-B8A5-6821D02314F3}.Debug|Any CPU.ActiveCfg = Debug|Any CPU
		{E5158BBD-BEF5-44C0-B8A5-6821D02314F3}.Debug|Any CPU.Build.0 = Debug|Any CPU
		{E5158BBD-BEF5-44C0-B8A5-6821D02314F3}.Debug|iPhone.ActiveCfg = Debug|Any CPU
		{E5158BBD-BEF5-44C0-B8A5-6821D02314F3}.Debug|iPhone.Build.0 = Debug|Any CPU
		{E5158BBD-BEF5-44C0-B8A5-6821D02314F3}.Debug|iPhoneSimulator.ActiveCfg = Debug|Any CPU
		{E5158BBD-BEF5-44C0-B8A5-6821D02314F3}.Debug|iPhoneSimulator.Build.0 = Debug|Any CPU
		{E5158BBD-BEF5-44C0-B8A5-6821D02314F3}.Release|Any CPU.ActiveCfg = Release|Any CPU
		{E5158BBD-BEF5-44C0-B8A5-6821D02314F3}.Release|Any CPU.Build.0 = Release|Any CPU
		{E5158BBD-BEF5-44C0-B8A5-6821D02314F3}.Release|iPhone.ActiveCfg = Release|Any CPU
		{E5158BBD-BEF5-44C0-B8A5-6821D02314F3}.Release|iPhone.Build.0 = Release|Any CPU
		{E5158BBD-BEF5-44C0-B8A5-6821D02314F3}.Release|iPhoneSimulator.ActiveCfg = Release|Any CPU
		{E5158BBD-BEF5-44C0-B8A5-6821D02314F3}.Release|iPhoneSimulator.Build.0 = Release|Any CPU
		{68E94C0F-5CB8-45AD-8174-0FE39B375B53}.Ad-Hoc|Any CPU.ActiveCfg = Release|Any CPU
		{68E94C0F-5CB8-45AD-8174-0FE39B375B53}.Ad-Hoc|Any CPU.Build.0 = Release|Any CPU
		{68E94C0F-5CB8-45AD-8174-0FE39B375B53}.Ad-Hoc|Any CPU.Deploy.0 = Release|Any CPU
		{68E94C0F-5CB8-45AD-8174-0FE39B375B53}.Ad-Hoc|iPhone.ActiveCfg = Release|Any CPU
		{68E94C0F-5CB8-45AD-8174-0FE39B375B53}.Ad-Hoc|iPhone.Build.0 = Release|Any CPU
		{68E94C0F-5CB8-45AD-8174-0FE39B375B53}.Ad-Hoc|iPhone.Deploy.0 = Release|Any CPU
		{68E94C0F-5CB8-45AD-8174-0FE39B375B53}.Ad-Hoc|iPhoneSimulator.ActiveCfg = Release|Any CPU
		{68E94C0F-5CB8-45AD-8174-0FE39B375B53}.Ad-Hoc|iPhoneSimulator.Build.0 = Release|Any CPU
		{68E94C0F-5CB8-45AD-8174-0FE39B375B53}.Ad-Hoc|iPhoneSimulator.Deploy.0 = Release|Any CPU
		{68E94C0F-5CB8-45AD-8174-0FE39B375B53}.AppStore|Any CPU.ActiveCfg = Release|Any CPU
		{68E94C0F-5CB8-45AD-8174-0FE39B375B53}.AppStore|Any CPU.Build.0 = Release|Any CPU
		{68E94C0F-5CB8-45AD-8174-0FE39B375B53}.AppStore|Any CPU.Deploy.0 = Release|Any CPU
		{68E94C0F-5CB8-45AD-8174-0FE39B375B53}.AppStore|iPhone.ActiveCfg = Release|Any CPU
		{68E94C0F-5CB8-45AD-8174-0FE39B375B53}.AppStore|iPhone.Build.0 = Release|Any CPU
		{68E94C0F-5CB8-45AD-8174-0FE39B375B53}.AppStore|iPhone.Deploy.0 = Release|Any CPU
		{68E94C0F-5CB8-45AD-8174-0FE39B375B53}.AppStore|iPhoneSimulator.ActiveCfg = Release|Any CPU
		{68E94C0F-5CB8-45AD-8174-0FE39B375B53}.AppStore|iPhoneSimulator.Build.0 = Release|Any CPU
		{68E94C0F-5CB8-45AD-8174-0FE39B375B53}.AppStore|iPhoneSimulator.Deploy.0 = Release|Any CPU
		{68E94C0F-5CB8-45AD-8174-0FE39B375B53}.Debug|Any CPU.ActiveCfg = Debug|Any CPU
		{68E94C0F-5CB8-45AD-8174-0FE39B375B53}.Debug|Any CPU.Build.0 = Debug|Any CPU
		{68E94C0F-5CB8-45AD-8174-0FE39B375B53}.Debug|Any CPU.Deploy.0 = Debug|Any CPU
		{68E94C0F-5CB8-45AD-8174-0FE39B375B53}.Debug|iPhone.ActiveCfg = Debug|Any CPU
		{68E94C0F-5CB8-45AD-8174-0FE39B375B53}.Debug|iPhone.Build.0 = Debug|Any CPU
		{68E94C0F-5CB8-45AD-8174-0FE39B375B53}.Debug|iPhone.Deploy.0 = Debug|Any CPU
		{68E94C0F-5CB8-45AD-8174-0FE39B375B53}.Debug|iPhoneSimulator.ActiveCfg = Debug|Any CPU
		{68E94C0F-5CB8-45AD-8174-0FE39B375B53}.Debug|iPhoneSimulator.Build.0 = Debug|Any CPU
		{68E94C0F-5CB8-45AD-8174-0FE39B375B53}.Debug|iPhoneSimulator.Deploy.0 = Debug|Any CPU
		{68E94C0F-5CB8-45AD-8174-0FE39B375B53}.Release|Any CPU.ActiveCfg = Release|Any CPU
		{68E94C0F-5CB8-45AD-8174-0FE39B375B53}.Release|Any CPU.Build.0 = Release|Any CPU
		{68E94C0F-5CB8-45AD-8174-0FE39B375B53}.Release|Any CPU.Deploy.0 = Release|Any CPU
		{68E94C0F-5CB8-45AD-8174-0FE39B375B53}.Release|iPhone.ActiveCfg = Release|Any CPU
		{68E94C0F-5CB8-45AD-8174-0FE39B375B53}.Release|iPhone.Build.0 = Release|Any CPU
		{68E94C0F-5CB8-45AD-8174-0FE39B375B53}.Release|iPhone.Deploy.0 = Release|Any CPU
		{68E94C0F-5CB8-45AD-8174-0FE39B375B53}.Release|iPhoneSimulator.ActiveCfg = Release|Any CPU
		{68E94C0F-5CB8-45AD-8174-0FE39B375B53}.Release|iPhoneSimulator.Build.0 = Release|Any CPU
		{68E94C0F-5CB8-45AD-8174-0FE39B375B53}.Release|iPhoneSimulator.Deploy.0 = Release|Any CPU
	EndGlobalSection
	GlobalSection(SolutionProperties) = preSolution
		HideSolutionNode = FALSE
	EndGlobalSection
	GlobalSection(NestedProjects) = preSolution
		{8F938243-69A9-4F16-8D39-B4F42F2A66CB} = {0C5C7622-6668-4DC8-833B-DF4E36EEDAD5}
		{DC3C5B06-FD0E-4D4C-B111-5612E9E0C0F3} = {2B568628-AF6C-4576-BE72-8B313B729BDE}
		{4D75D3E3-9C35-49E6-8CB5-32EFC858F113} = {2B568628-AF6C-4576-BE72-8B313B729BDE}
		{FC9D512D-B9D8-42CC-AE30-5052ADBC0C28} = {4D75D3E3-9C35-49E6-8CB5-32EFC858F113}
		{03CE1E98-9AEB-4551-AB2F-06485ACAFB37} = {4D75D3E3-9C35-49E6-8CB5-32EFC858F113}
		{446291CB-7D0B-4A53-89C5-30E34D65A55B} = {4D75D3E3-9C35-49E6-8CB5-32EFC858F113}
		{E5158BBD-BEF5-44C0-B8A5-6821D02314F3} = {DC3C5B06-FD0E-4D4C-B111-5612E9E0C0F3}
		{68E94C0F-5CB8-45AD-8174-0FE39B375B53} = {DC3C5B06-FD0E-4D4C-B111-5612E9E0C0F3}
	EndGlobalSection
	GlobalSection(ExtensibilityGlobals) = postSolution
		SolutionGuid = {475F18A3-54F2-4DD6-B00C-107ECDD7ACD7}
	EndGlobalSection
EndGlobal
