
Microsoft Visual Studio Solution File, Format Version 12.00
# Visual Studio 15
VisualStudioVersion = 15.0.28307.902
MinimumVisualStudioVersion = 10.0.40219.1
Project("{9A19103F-16F7-4668-BE54-9A1E7A4F7556}") = "MiAsistenteOnline.Common", "MiAsistenteOnline.Common\MiAsistenteOnline.Common.csproj", "{3280D393-48F7-4431-B460-9CED30FAE339}"
EndProject
Project("{2150E333-8FDC-42A3-9474-1A3956D46DE8}") = "BackEnd", "BackEnd", "{0C5C7622-6668-4DC8-833B-DF4E36EEDAD5}"
EndProject
Project("{2150E333-8FDC-42A3-9474-1A3956D46DE8}") = "FrontEnd", "FrontEnd", "{2B568628-AF6C-4576-BE72-8B313B729BDE}"
EndProject
Project("{9A19103F-16F7-4668-BE54-9A1E7A4F7556}") = "MiAsistenteOnline.Web", "MiAsistenteOnline.Web\MiAsistenteOnline.Web.csproj", "{8F938243-69A9-4F16-8D39-B4F42F2A66CB}"
EndProject
Project("{2150E333-8FDC-42A3-9474-1A3956D46DE8}") = "Classic", "Classic", "{DC3C5B06-FD0E-4D4C-B111-5612E9E0C0F3}"
EndProject
Project("{9A19103F-16F7-4668-BE54-9A1E7A4F7556}") = "MiAsistenteOnline.UIClassic", "MiAsistenteOnline.UIClassic\MiAsistenteOnline.UIClassic.csproj", "{E5158BBD-BEF5-44C0-B8A5-6821D02314F3}"
EndProject
Project("{FAE04EC0-301F-11D3-BF4B-00C04F79EFBC}") = "MiAsistenteOnline.UIClassic.Android", "MiAsistenteOnline.UIClassic.Android\MiAsistenteOnline.UIClassic.Android.csproj", "{68E94C0F-5CB8-45AD-8174-0FE39B375B53}"
EndProject
Project("{2150E333-8FDC-42A3-9474-1A3956D46DE8}") = "Forms", "Forms", "{6C33864A-FC0D-49F5-BE7D-368B9BA0323D}"
EndProject
Project("{FAE04EC0-301F-11D3-BF4B-00C04F79EFBC}") = "MAO.UIForms.Android", "MAO.UIForms\MAO.UIForms.Android\MAO.UIForms.Android.csproj", "{D39C3592-CB90-4470-9BC5-463A805605A2}"
EndProject
Project("{FAE04EC0-301F-11D3-BF4B-00C04F79EFBC}") = "MAO.UIForms.iOS", "MAO.UIForms\MAO.UIForms.iOS\MAO.UIForms.iOS.csproj", "{0A056492-36B8-4651-8D6C-977856388BF4}"
EndProject
Project("{FAE04EC0-301F-11D3-BF4B-00C04F79EFBC}") = "MAO.UIForms", "MAO.UIForms\MAO.UIForms\MAO.UIForms.csproj", "{448911E8-3EAD-433B-AB48-76732A88CA7C}"
EndProject
Global
	GlobalSection(SolutionConfigurationPlatforms) = preSolution
		Ad-Hoc|Any CPU = Ad-Hoc|Any CPU
		Ad-Hoc|iPhone = Ad-Hoc|iPhone
		Ad-Hoc|iPhoneSimulator = Ad-Hoc|iPhoneSimulator
		AppStore|Any CPU = AppStore|Any CPU
		AppStore|iPhone = AppStore|iPhone
		AppStore|iPhoneSimulator = AppStore|iPhoneSimulator
		Debug|Any CPU = Debug|Any CPU
		Debug|iPhone = Debug|iPhone
		Debug|iPhoneSimulator = Debug|iPhoneSimulator
		Release|Any CPU = Release|Any CPU
		Release|iPhone = Release|iPhone
		Release|iPhoneSimulator = Release|iPhoneSimulator
	EndGlobalSection
	GlobalSection(ProjectConfigurationPlatforms) = postSolution
		{3280D393-48F7-4431-B460-9CED30FAE339}.Ad-Hoc|Any CPU.ActiveCfg = Debug|Any CPU
		{3280D393-48F7-4431-B460-9CED30FAE339}.Ad-Hoc|Any CPU.Build.0 = Debug|Any CPU
		{3280D393-48F7-4431-B460-9CED30FAE339}.Ad-Hoc|iPhone.ActiveCfg = Debug|Any CPU
		{3280D393-48F7-4431-B460-9CED30FAE339}.Ad-Hoc|iPhone.Build.0 = Debug|Any CPU
		{3280D393-48F7-4431-B460-9CED30FAE339}.Ad-Hoc|iPhoneSimulator.ActiveCfg = Debug|Any CPU
		{3280D393-48F7-4431-B460-9CED30FAE339}.Ad-Hoc|iPhoneSimulator.Build.0 = Debug|Any CPU
		{3280D393-48F7-4431-B460-9CED30FAE339}.AppStore|Any CPU.ActiveCfg = Debug|Any CPU
		{3280D393-48F7-4431-B460-9CED30FAE339}.AppStore|Any CPU.Build.0 = Debug|Any CPU
		{3280D393-48F7-4431-B460-9CED30FAE339}.AppStore|iPhone.ActiveCfg = Debug|Any CPU
		{3280D393-48F7-4431-B460-9CED30FAE339}.AppStore|iPhone.Build.0 = Debug|Any CPU
		{3280D393-48F7-4431-B460-9CED30FAE339}.AppStore|iPhoneSimulator.ActiveCfg = Debug|Any CPU
		{3280D393-48F7-4431-B460-9CED30FAE339}.AppStore|iPhoneSimulator.Build.0 = Debug|Any CPU
		{3280D393-48F7-4431-B460-9CED30FAE339}.Debug|Any CPU.ActiveCfg = Debug|Any CPU
		{3280D393-48F7-4431-B460-9CED30FAE339}.Debug|Any CPU.Build.0 = Debug|Any CPU
		{3280D393-48F7-4431-B460-9CED30FAE339}.Debug|iPhone.ActiveCfg = Debug|Any CPU
		{3280D393-48F7-4431-B460-9CED30FAE339}.Debug|iPhone.Build.0 = Debug|Any CPU
		{3280D393-48F7-4431-B460-9CED30FAE339}.Debug|iPhoneSimulator.ActiveCfg = Debug|Any CPU
		{3280D393-48F7-4431-B460-9CED30FAE339}.Debug|iPhoneSimulator.Build.0 = Debug|Any CPU
		{3280D393-48F7-4431-B460-9CED30FAE339}.Release|Any CPU.ActiveCfg = Release|Any CPU
		{3280D393-48F7-4431-B460-9CED30FAE339}.Release|Any CPU.Build.0 = Release|Any CPU
		{3280D393-48F7-4431-B460-9CED30FAE339}.Release|iPhone.ActiveCfg = Release|Any CPU
		{3280D393-48F7-4431-B460-9CED30FAE339}.Release|iPhone.Build.0 = Release|Any CPU
		{3280D393-48F7-4431-B460-9CED30FAE339}.Release|iPhoneSimulator.ActiveCfg = Release|Any CPU
		{3280D393-48F7-4431-B460-9CED30FAE339}.Release|iPhoneSimulator.Build.0 = Release|Any CPU
		{8F938243-69A9-4F16-8D39-B4F42F2A66CB}.Ad-Hoc|Any CPU.ActiveCfg = Debug|Any CPU
		{8F938243-69A9-4F16-8D39-B4F42F2A66CB}.Ad-Hoc|Any CPU.Build.0 = Debug|Any CPU
		{8F938243-69A9-4F16-8D39-B4F42F2A66CB}.Ad-Hoc|iPhone.ActiveCfg = Debug|Any CPU
		{8F938243-69A9-4F16-8D39-B4F42F2A66CB}.Ad-Hoc|iPhone.Build.0 = Debug|Any CPU
		{8F938243-69A9-4F16-8D39-B4F42F2A66CB}.Ad-Hoc|iPhoneSimulator.ActiveCfg = Debug|Any CPU
		{8F938243-69A9-4F16-8D39-B4F42F2A66CB}.Ad-Hoc|iPhoneSimulator.Build.0 = Debug|Any CPU
		{8F938243-69A9-4F16-8D39-B4F42F2A66CB}.AppStore|Any CPU.ActiveCfg = Debug|Any CPU
		{8F938243-69A9-4F16-8D39-B4F42F2A66CB}.AppStore|Any CPU.Build.0 = Debug|Any CPU
		{8F938243-69A9-4F16-8D39-B4F42F2A66CB}.AppStore|iPhone.ActiveCfg = Debug|Any CPU
		{8F938243-69A9-4F16-8D39-B4F42F2A66CB}.AppStore|iPhone.Build.0 = Debug|Any CPU
		{8F938243-69A9-4F16-8D39-B4F42F2A66CB}.AppStore|iPhoneSimulator.ActiveCfg = Debug|Any CPU
		{8F938243-69A9-4F16-8D39-B4F42F2A66CB}.AppStore|iPhoneSimulator.Build.0 = Debug|Any CPU
		{8F938243-69A9-4F16-8D39-B4F42F2A66CB}.Debug|Any CPU.ActiveCfg = Debug|Any CPU
		{8F938243-69A9-4F16-8D39-B4F42F2A66CB}.Debug|Any CPU.Build.0 = Debug|Any CPU
		{8F938243-69A9-4F16-8D39-B4F42F2A66CB}.Debug|iPhone.ActiveCfg = Debug|Any CPU
		{8F938243-69A9-4F16-8D39-B4F42F2A66CB}.Debug|iPhone.Build.0 = Debug|Any CPU
		{8F938243-69A9-4F16-8D39-B4F42F2A66CB}.Debug|iPhoneSimulator.ActiveCfg = Debug|Any CPU
		{8F938243-69A9-4F16-8D39-B4F42F2A66CB}.Debug|iPhoneSimulator.Build.0 = Debug|Any CPU
		{8F938243-69A9-4F16-8D39-B4F42F2A66CB}.Release|Any CPU.ActiveCfg = Release|Any CPU
		{8F938243-69A9-4F16-8D39-B4F42F2A66CB}.Release|Any CPU.Build.0 = Release|Any CPU
		{8F938243-69A9-4F16-8D39-B4F42F2A66CB}.Release|iPhone.ActiveCfg = Release|Any CPU
		{8F938243-69A9-4F16-8D39-B4F42F2A66CB}.Release|iPhone.Build.0 = Release|Any CPU
		{8F938243-69A9-4F16-8D39-B4F42F2A66CB}.Release|iPhoneSimulator.ActiveCfg = Release|Any CPU
		{8F938243-69A9-4F16-8D39-B4F42F2A66CB}.Release|iPhoneSimulator.Build.0 = Release|Any CPU
		{E5158BBD-BEF5-44C0-B8A5-6821D02314F3}.Ad-Hoc|Any CPU.ActiveCfg = Debug|Any CPU
		{E5158BBD-BEF5-44C0-B8A5-6821D02314F3}.Ad-Hoc|Any CPU.Build.0 = Debug|Any CPU
		{E5158BBD-BEF5-44C0-B8A5-6821D02314F3}.Ad-Hoc|iPhone.ActiveCfg = Debug|Any CPU
		{E5158BBD-BEF5-44C0-B8A5-6821D02314F3}.Ad-Hoc|iPhone.Build.0 = Debug|Any CPU
		{E5158BBD-BEF5-44C0-B8A5-6821D02314F3}.Ad-Hoc|iPhoneSimulator.ActiveCfg = Debug|Any CPU
		{E5158BBD-BEF5-44C0-B8A5-6821D02314F3}.Ad-Hoc|iPhoneSimulator.Build.0 = Debug|Any CPU
		{E5158BBD-BEF5-44C0-B8A5-6821D02314F3}.AppStore|Any CPU.ActiveCfg = Debug|Any CPU
		{E5158BBD-BEF5-44C0-B8A5-6821D02314F3}.AppStore|Any CPU.Build.0 = Debug|Any CPU
		{E5158BBD-BEF5-44C0-B8A5-6821D02314F3}.AppStore|iPhone.ActiveCfg = Debug|Any CPU
		{E5158BBD-BEF5-44C0-B8A5-6821D02314F3}.AppStore|iPhone.Build.0 = Debug|Any CPU
		{E5158BBD-BEF5-44C0-B8A5-6821D02314F3}.AppStore|iPhoneSimulator.ActiveCfg = Debug|Any CPU
		{E5158BBD-BEF5-44C0-B8A5-6821D02314F3}.AppStore|iPhoneSimulator.Build.0 = Debug|Any CPU
		{E5158BBD-BEF5-44C0-B8A5-6821D02314F3}.Debug|Any CPU.ActiveCfg = Debug|Any CPU
		{E5158BBD-BEF5-44C0-B8A5-6821D02314F3}.Debug|Any CPU.Build.0 = Debug|Any CPU
		{E5158BBD-BEF5-44C0-B8A5-6821D02314F3}.Debug|iPhone.ActiveCfg = Debug|Any CPU
		{E5158BBD-BEF5-44C0-B8A5-6821D02314F3}.Debug|iPhone.Build.0 = Debug|Any CPU
		{E5158BBD-BEF5-44C0-B8A5-6821D02314F3}.Debug|iPhoneSimulator.ActiveCfg = Debug|Any CPU
		{E5158BBD-BEF5-44C0-B8A5-6821D02314F3}.Debug|iPhoneSimulator.Build.0 = Debug|Any CPU
		{E5158BBD-BEF5-44C0-B8A5-6821D02314F3}.Release|Any CPU.ActiveCfg = Release|Any CPU
		{E5158BBD-BEF5-44C0-B8A5-6821D02314F3}.Release|Any CPU.Build.0 = Release|Any CPU
		{E5158BBD-BEF5-44C0-B8A5-6821D02314F3}.Release|iPhone.ActiveCfg = Release|Any CPU
		{E5158BBD-BEF5-44C0-B8A5-6821D02314F3}.Release|iPhone.Build.0 = Release|Any CPU
		{E5158BBD-BEF5-44C0-B8A5-6821D02314F3}.Release|iPhoneSimulator.ActiveCfg = Release|Any CPU
		{E5158BBD-BEF5-44C0-B8A5-6821D02314F3}.Release|iPhoneSimulator.Build.0 = Release|Any CPU
		{68E94C0F-5CB8-45AD-8174-0FE39B375B53}.Ad-Hoc|Any CPU.ActiveCfg = Release|Any CPU
		{68E94C0F-5CB8-45AD-8174-0FE39B375B53}.Ad-Hoc|Any CPU.Build.0 = Release|Any CPU
		{68E94C0F-5CB8-45AD-8174-0FE39B375B53}.Ad-Hoc|Any CPU.Deploy.0 = Release|Any CPU
		{68E94C0F-5CB8-45AD-8174-0FE39B375B53}.Ad-Hoc|iPhone.ActiveCfg = Release|Any CPU
		{68E94C0F-5CB8-45AD-8174-0FE39B375B53}.Ad-Hoc|iPhone.Build.0 = Release|Any CPU
		{68E94C0F-5CB8-45AD-8174-0FE39B375B53}.Ad-Hoc|iPhone.Deploy.0 = Release|Any CPU
		{68E94C0F-5CB8-45AD-8174-0FE39B375B53}.Ad-Hoc|iPhoneSimulator.ActiveCfg = Release|Any CPU
		{68E94C0F-5CB8-45AD-8174-0FE39B375B53}.Ad-Hoc|iPhoneSimulator.Build.0 = Release|Any CPU
		{68E94C0F-5CB8-45AD-8174-0FE39B375B53}.Ad-Hoc|iPhoneSimulator.Deploy.0 = Release|Any CPU
		{68E94C0F-5CB8-45AD-8174-0FE39B375B53}.AppStore|Any CPU.ActiveCfg = Release|Any CPU
		{68E94C0F-5CB8-45AD-8174-0FE39B375B53}.AppStore|Any CPU.Build.0 = Release|Any CPU
		{68E94C0F-5CB8-45AD-8174-0FE39B375B53}.AppStore|Any CPU.Deploy.0 = Release|Any CPU
		{68E94C0F-5CB8-45AD-8174-0FE39B375B53}.AppStore|iPhone.ActiveCfg = Release|Any CPU
		{68E94C0F-5CB8-45AD-8174-0FE39B375B53}.AppStore|iPhone.Build.0 = Release|Any CPU
		{68E94C0F-5CB8-45AD-8174-0FE39B375B53}.AppStore|iPhone.Deploy.0 = Release|Any CPU
		{68E94C0F-5CB8-45AD-8174-0FE39B375B53}.AppStore|iPhoneSimulator.ActiveCfg = Release|Any CPU
		{68E94C0F-5CB8-45AD-8174-0FE39B375B53}.AppStore|iPhoneSimulator.Build.0 = Release|Any CPU
		{68E94C0F-5CB8-45AD-8174-0FE39B375B53}.AppStore|iPhoneSimulator.Deploy.0 = Release|Any CPU
		{68E94C0F-5CB8-45AD-8174-0FE39B375B53}.Debug|Any CPU.ActiveCfg = Debug|Any CPU
		{68E94C0F-5CB8-45AD-8174-0FE39B375B53}.Debug|Any CPU.Build.0 = Debug|Any CPU
		{68E94C0F-5CB8-45AD-8174-0FE39B375B53}.Debug|Any CPU.Deploy.0 = Debug|Any CPU
		{68E94C0F-5CB8-45AD-8174-0FE39B375B53}.Debug|iPhone.ActiveCfg = Debug|Any CPU
		{68E94C0F-5CB8-45AD-8174-0FE39B375B53}.Debug|iPhone.Build.0 = Debug|Any CPU
		{68E94C0F-5CB8-45AD-8174-0FE39B375B53}.Debug|iPhone.Deploy.0 = Debug|Any CPU
		{68E94C0F-5CB8-45AD-8174-0FE39B375B53}.Debug|iPhoneSimulator.ActiveCfg = Debug|Any CPU
		{68E94C0F-5CB8-45AD-8174-0FE39B375B53}.Debug|iPhoneSimulator.Build.0 = Debug|Any CPU
		{68E94C0F-5CB8-45AD-8174-0FE39B375B53}.Debug|iPhoneSimulator.Deploy.0 = Debug|Any CPU
		{68E94C0F-5CB8-45AD-8174-0FE39B375B53}.Release|Any CPU.ActiveCfg = Release|Any CPU
		{68E94C0F-5CB8-45AD-8174-0FE39B375B53}.Release|Any CPU.Build.0 = Release|Any CPU
		{68E94C0F-5CB8-45AD-8174-0FE39B375B53}.Release|Any CPU.Deploy.0 = Release|Any CPU
		{68E94C0F-5CB8-45AD-8174-0FE39B375B53}.Release|iPhone.ActiveCfg = Release|Any CPU
		{68E94C0F-5CB8-45AD-8174-0FE39B375B53}.Release|iPhone.Build.0 = Release|Any CPU
		{68E94C0F-5CB8-45AD-8174-0FE39B375B53}.Release|iPhone.Deploy.0 = Release|Any CPU
		{68E94C0F-5CB8-45AD-8174-0FE39B375B53}.Release|iPhoneSimulator.ActiveCfg = Release|Any CPU
		{68E94C0F-5CB8-45AD-8174-0FE39B375B53}.Release|iPhoneSimulator.Build.0 = Release|Any CPU
		{68E94C0F-5CB8-45AD-8174-0FE39B375B53}.Release|iPhoneSimulator.Deploy.0 = Release|Any CPU
		{D39C3592-CB90-4470-9BC5-463A805605A2}.Ad-Hoc|Any CPU.ActiveCfg = Release|Any CPU
		{D39C3592-CB90-4470-9BC5-463A805605A2}.Ad-Hoc|Any CPU.Build.0 = Release|Any CPU
		{D39C3592-CB90-4470-9BC5-463A805605A2}.Ad-Hoc|Any CPU.Deploy.0 = Release|Any CPU
		{D39C3592-CB90-4470-9BC5-463A805605A2}.Ad-Hoc|iPhone.ActiveCfg = Release|Any CPU
		{D39C3592-CB90-4470-9BC5-463A805605A2}.Ad-Hoc|iPhone.Build.0 = Release|Any CPU
		{D39C3592-CB90-4470-9BC5-463A805605A2}.Ad-Hoc|iPhone.Deploy.0 = Release|Any CPU
		{D39C3592-CB90-4470-9BC5-463A805605A2}.Ad-Hoc|iPhoneSimulator.ActiveCfg = Release|Any CPU
		{D39C3592-CB90-4470-9BC5-463A805605A2}.Ad-Hoc|iPhoneSimulator.Build.0 = Release|Any CPU
		{D39C3592-CB90-4470-9BC5-463A805605A2}.Ad-Hoc|iPhoneSimulator.Deploy.0 = Release|Any CPU
		{D39C3592-CB90-4470-9BC5-463A805605A2}.AppStore|Any CPU.ActiveCfg = Release|Any CPU
		{D39C3592-CB90-4470-9BC5-463A805605A2}.AppStore|Any CPU.Build.0 = Release|Any CPU
		{D39C3592-CB90-4470-9BC5-463A805605A2}.AppStore|Any CPU.Deploy.0 = Release|Any CPU
		{D39C3592-CB90-4470-9BC5-463A805605A2}.AppStore|iPhone.ActiveCfg = Release|Any CPU
		{D39C3592-CB90-4470-9BC5-463A805605A2}.AppStore|iPhone.Build.0 = Release|Any CPU
		{D39C3592-CB90-4470-9BC5-463A805605A2}.AppStore|iPhone.Deploy.0 = Release|Any CPU
		{D39C3592-CB90-4470-9BC5-463A805605A2}.AppStore|iPhoneSimulator.ActiveCfg = Release|Any CPU
		{D39C3592-CB90-4470-9BC5-463A805605A2}.AppStore|iPhoneSimulator.Build.0 = Release|Any CPU
		{D39C3592-CB90-4470-9BC5-463A805605A2}.AppStore|iPhoneSimulator.Deploy.0 = Release|Any CPU
		{D39C3592-CB90-4470-9BC5-463A805605A2}.Debug|Any CPU.ActiveCfg = Debug|Any CPU
		{D39C3592-CB90-4470-9BC5-463A805605A2}.Debug|Any CPU.Build.0 = Debug|Any CPU
		{D39C3592-CB90-4470-9BC5-463A805605A2}.Debug|Any CPU.Deploy.0 = Debug|Any CPU
		{D39C3592-CB90-4470-9BC5-463A805605A2}.Debug|iPhone.ActiveCfg = Debug|Any CPU
		{D39C3592-CB90-4470-9BC5-463A805605A2}.Debug|iPhone.Build.0 = Debug|Any CPU
		{D39C3592-CB90-4470-9BC5-463A805605A2}.Debug|iPhone.Deploy.0 = Debug|Any CPU
		{D39C3592-CB90-4470-9BC5-463A805605A2}.Debug|iPhoneSimulator.ActiveCfg = Debug|Any CPU
		{D39C3592-CB90-4470-9BC5-463A805605A2}.Debug|iPhoneSimulator.Build.0 = Debug|Any CPU
		{D39C3592-CB90-4470-9BC5-463A805605A2}.Debug|iPhoneSimulator.Deploy.0 = Debug|Any CPU
		{D39C3592-CB90-4470-9BC5-463A805605A2}.Release|Any CPU.ActiveCfg = Release|Any CPU
		{D39C3592-CB90-4470-9BC5-463A805605A2}.Release|Any CPU.Build.0 = Release|Any CPU
		{D39C3592-CB90-4470-9BC5-463A805605A2}.Release|Any CPU.Deploy.0 = Release|Any CPU
		{D39C3592-CB90-4470-9BC5-463A805605A2}.Release|iPhone.ActiveCfg = Release|Any CPU
		{D39C3592-CB90-4470-9BC5-463A805605A2}.Release|iPhone.Build.0 = Release|Any CPU
		{D39C3592-CB90-4470-9BC5-463A805605A2}.Release|iPhone.Deploy.0 = Release|Any CPU
		{D39C3592-CB90-4470-9BC5-463A805605A2}.Release|iPhoneSimulator.ActiveCfg = Release|Any CPU
		{D39C3592-CB90-4470-9BC5-463A805605A2}.Release|iPhoneSimulator.Build.0 = Release|Any CPU
		{D39C3592-CB90-4470-9BC5-463A805605A2}.Release|iPhoneSimulator.Deploy.0 = Release|Any CPU
		{0A056492-36B8-4651-8D6C-977856388BF4}.Ad-Hoc|Any CPU.ActiveCfg = Ad-Hoc|iPhone
		{0A056492-36B8-4651-8D6C-977856388BF4}.Ad-Hoc|iPhone.ActiveCfg = Ad-Hoc|iPhone
		{0A056492-36B8-4651-8D6C-977856388BF4}.Ad-Hoc|iPhone.Build.0 = Ad-Hoc|iPhone
		{0A056492-36B8-4651-8D6C-977856388BF4}.Ad-Hoc|iPhoneSimulator.ActiveCfg = Ad-Hoc|iPhoneSimulator
		{0A056492-36B8-4651-8D6C-977856388BF4}.Ad-Hoc|iPhoneSimulator.Build.0 = Ad-Hoc|iPhoneSimulator
		{0A056492-36B8-4651-8D6C-977856388BF4}.AppStore|Any CPU.ActiveCfg = AppStore|iPhone
		{0A056492-36B8-4651-8D6C-977856388BF4}.AppStore|iPhone.ActiveCfg = AppStore|iPhone
		{0A056492-36B8-4651-8D6C-977856388BF4}.AppStore|iPhone.Build.0 = AppStore|iPhone
		{0A056492-36B8-4651-8D6C-977856388BF4}.AppStore|iPhoneSimulator.ActiveCfg = AppStore|iPhoneSimulator
		{0A056492-36B8-4651-8D6C-977856388BF4}.AppStore|iPhoneSimulator.Build.0 = AppStore|iPhoneSimulator
		{0A056492-36B8-4651-8D6C-977856388BF4}.Debug|Any CPU.ActiveCfg = Debug|iPhone
		{0A056492-36B8-4651-8D6C-977856388BF4}.Debug|iPhone.ActiveCfg = Debug|iPhone
		{0A056492-36B8-4651-8D6C-977856388BF4}.Debug|iPhone.Build.0 = Debug|iPhone
		{0A056492-36B8-4651-8D6C-977856388BF4}.Debug|iPhoneSimulator.ActiveCfg = Debug|iPhoneSimulator
		{0A056492-36B8-4651-8D6C-977856388BF4}.Debug|iPhoneSimulator.Build.0 = Debug|iPhoneSimulator
		{0A056492-36B8-4651-8D6C-977856388BF4}.Release|Any CPU.ActiveCfg = Release|iPhone
		{0A056492-36B8-4651-8D6C-977856388BF4}.Release|iPhone.ActiveCfg = Release|iPhone
		{0A056492-36B8-4651-8D6C-977856388BF4}.Release|iPhone.Build.0 = Release|iPhone
		{0A056492-36B8-4651-8D6C-977856388BF4}.Release|iPhoneSimulator.ActiveCfg = Release|iPhoneSimulator
		{0A056492-36B8-4651-8D6C-977856388BF4}.Release|iPhoneSimulator.Build.0 = Release|iPhoneSimulator
		{448911E8-3EAD-433B-AB48-76732A88CA7C}.Ad-Hoc|Any CPU.ActiveCfg = Debug|Any CPU
		{448911E8-3EAD-433B-AB48-76732A88CA7C}.Ad-Hoc|Any CPU.Build.0 = Debug|Any CPU
		{448911E8-3EAD-433B-AB48-76732A88CA7C}.Ad-Hoc|iPhone.ActiveCfg = Debug|Any CPU
		{448911E8-3EAD-433B-AB48-76732A88CA7C}.Ad-Hoc|iPhone.Build.0 = Debug|Any CPU
		{448911E8-3EAD-433B-AB48-76732A88CA7C}.Ad-Hoc|iPhoneSimulator.ActiveCfg = Debug|Any CPU
		{448911E8-3EAD-433B-AB48-76732A88CA7C}.Ad-Hoc|iPhoneSimulator.Build.0 = Debug|Any CPU
		{448911E8-3EAD-433B-AB48-76732A88CA7C}.AppStore|Any CPU.ActiveCfg = Debug|Any CPU
		{448911E8-3EAD-433B-AB48-76732A88CA7C}.AppStore|Any CPU.Build.0 = Debug|Any CPU
		{448911E8-3EAD-433B-AB48-76732A88CA7C}.AppStore|iPhone.ActiveCfg = Debug|Any CPU
		{448911E8-3EAD-433B-AB48-76732A88CA7C}.AppStore|iPhone.Build.0 = Debug|Any CPU
		{448911E8-3EAD-433B-AB48-76732A88CA7C}.AppStore|iPhoneSimulator.ActiveCfg = Debug|Any CPU
		{448911E8-3EAD-433B-AB48-76732A88CA7C}.AppStore|iPhoneSimulator.Build.0 = Debug|Any CPU
		{448911E8-3EAD-433B-AB48-76732A88CA7C}.Debug|Any CPU.ActiveCfg = Debug|Any CPU
		{448911E8-3EAD-433B-AB48-76732A88CA7C}.Debug|Any CPU.Build.0 = Debug|Any CPU
		{448911E8-3EAD-433B-AB48-76732A88CA7C}.Debug|iPhone.ActiveCfg = Debug|Any CPU
		{448911E8-3EAD-433B-AB48-76732A88CA7C}.Debug|iPhone.Build.0 = Debug|Any CPU
		{448911E8-3EAD-433B-AB48-76732A88CA7C}.Debug|iPhoneSimulator.ActiveCfg = Debug|Any CPU
		{448911E8-3EAD-433B-AB48-76732A88CA7C}.Debug|iPhoneSimulator.Build.0 = Debug|Any CPU
		{448911E8-3EAD-433B-AB48-76732A88CA7C}.Release|Any CPU.ActiveCfg = Release|Any CPU
		{448911E8-3EAD-433B-AB48-76732A88CA7C}.Release|Any CPU.Build.0 = Release|Any CPU
		{448911E8-3EAD-433B-AB48-76732A88CA7C}.Release|iPhone.ActiveCfg = Release|Any CPU
		{448911E8-3EAD-433B-AB48-76732A88CA7C}.Release|iPhone.Build.0 = Release|Any CPU
		{448911E8-3EAD-433B-AB48-76732A88CA7C}.Release|iPhoneSimulator.ActiveCfg = Release|Any CPU
		{448911E8-3EAD-433B-AB48-76732A88CA7C}.Release|iPhoneSimulator.Build.0 = Release|Any CPU
	EndGlobalSection
	GlobalSection(SolutionProperties) = preSolution
		HideSolutionNode = FALSE
	EndGlobalSection
	GlobalSection(NestedProjects) = preSolution
		{8F938243-69A9-4F16-8D39-B4F42F2A66CB} = {0C5C7622-6668-4DC8-833B-DF4E36EEDAD5}
		{DC3C5B06-FD0E-4D4C-B111-5612E9E0C0F3} = {2B568628-AF6C-4576-BE72-8B313B729BDE}
		{E5158BBD-BEF5-44C0-B8A5-6821D02314F3} = {DC3C5B06-FD0E-4D4C-B111-5612E9E0C0F3}
		{68E94C0F-5CB8-45AD-8174-0FE39B375B53} = {DC3C5B06-FD0E-4D4C-B111-5612E9E0C0F3}
		{6C33864A-FC0D-49F5-BE7D-368B9BA0323D} = {2B568628-AF6C-4576-BE72-8B313B729BDE}
		{D39C3592-CB90-4470-9BC5-463A805605A2} = {6C33864A-FC0D-49F5-BE7D-368B9BA0323D}
		{0A056492-36B8-4651-8D6C-977856388BF4} = {6C33864A-FC0D-49F5-BE7D-368B9BA0323D}
		{448911E8-3EAD-433B-AB48-76732A88CA7C} = {6C33864A-FC0D-49F5-BE7D-368B9BA0323D}
	EndGlobalSection
	GlobalSection(ExtensibilityGlobals) = postSolution
		SolutionGuid = {475F18A3-54F2-4DD6-B00C-107ECDD7ACD7}
	EndGlobalSection
EndGlobal
